
Microsoft Visual Studio Solution File, Format Version 12.00
# Visual Studio 15
VisualStudioVersion = 15.0.28307.1082
MinimumVisualStudioVersion = 10.0.40219.1
Project("{FAE04EC0-301F-11D3-BF4B-00C04F79EFBC}") = "Simple Array Sum", "Simple Array Sum\Simple Array Sum.csproj", "{AE7C2558-A9C4-4EEB-AA49-C60541276E85}"
EndProject
Project("{FAE04EC0-301F-11D3-BF4B-00C04F79EFBC}") = "Test", "Test\Test.csproj", "{C2932B94-6F83-4D92-BAD7-2C4F7122AE99}"
EndProject
Project("{FAE04EC0-301F-11D3-BF4B-00C04F79EFBC}") = "aVeryBigSum", "..\aVeryBigSum\aVeryBigSum.csproj", "{CF2B02DA-8D8A-4B24-BFD7-88D1468AFE46}"
EndProject
Project("{FAE04EC0-301F-11D3-BF4B-00C04F79EFBC}") = "CompareTriplets", "..\CompareTriplets\CompareTriplets.csproj", "{90BBAEF0-1789-4205-B7FB-933ADA58718A}"
EndProject
Project("{FAE04EC0-301F-11D3-BF4B-00C04F79EFBC}") = "StairCase", "..\StairCase\StairCase.csproj", "{CD9F3B33-AB1D-4299-A5BE-BDDB16B7CFB9}"
EndProject
Project("{FAE04EC0-301F-11D3-BF4B-00C04F79EFBC}") = "PlusMinus", "..\PlusMinus\PlusMinus.csproj", "{2DB82B15-91C7-4239-93CB-91DAC1D2940B}"
EndProject
Project("{FAE04EC0-301F-11D3-BF4B-00C04F79EFBC}") = "MiniMaxSum", "..\MiniMaxSum\MiniMaxSum.csproj", "{3BFFEF6E-4E32-4094-B7C9-CB8FC7A45E95}"
EndProject
Project("{FAE04EC0-301F-11D3-BF4B-00C04F79EFBC}") = "DiagonalDifference", "..\DiagonalDifference\DiagonalDifference.csproj", "{0D51DBEF-FFFE-46F1-B501-22E60AD6CDCA}"
EndProject
Project("{FAE04EC0-301F-11D3-BF4B-00C04F79EFBC}") = "BirthdayCakeCandles", "..\BirthdayCakeCandles\BirthdayCakeCandles.csproj", "{79CC7F07-79C2-4F56-AA50-1D0135D623A1}"
EndProject
Project("{FAE04EC0-301F-11D3-BF4B-00C04F79EFBC}") = "GradingStudents", "..\GradingStudents\GradingStudents.csproj", "{320573CB-310F-4F6C-98AC-04ABC6D5CD74}"
EndProject
Project("{FAE04EC0-301F-11D3-BF4B-00C04F79EFBC}") = "Kangaroo", "..\Kangaroo\Kangaroo.csproj", "{8E52F934-57D1-466D-A33C-6A22F59E3B48}"
EndProject
Project("{FAE04EC0-301F-11D3-BF4B-00C04F79EFBC}") = "ApplesAndOranges", "..\ApplesAndOranges\ApplesAndOranges.csproj", "{EB45EB7E-9CF3-4E39-8B22-CA85DC555101}"
EndProject
Project("{FAE04EC0-301F-11D3-BF4B-00C04F79EFBC}") = "BreakingRecords", "..\BreakingRecords\BreakingRecords.csproj", "{FCA1A892-BA02-4A29-8E22-666101530923}"
EndProject
Project("{FAE04EC0-301F-11D3-BF4B-00C04F79EFBC}") = "BirthdayChocolate", "..\BirthdayChocolate\BirthdayChocolate.csproj", "{5CBEBCE4-0215-44F3-A129-4623CD3B3196}"
EndProject
Project("{FAE04EC0-301F-11D3-BF4B-00C04F79EFBC}") = "TimeCoversion", "..\TimeCoversion\TimeCoversion.csproj", "{3C37B16B-F90E-4304-B073-C47316ED97AB}"
EndProject
Project("{FAE04EC0-301F-11D3-BF4B-00C04F79EFBC}") = "DivisibleSumPairs", "..\DivisibleSumPairs\DivisibleSumPairs.csproj", "{FFBF796B-C1F7-48AE-AA0A-2DA2DACD9095}"
EndProject
Project("{FAE04EC0-301F-11D3-BF4B-00C04F79EFBC}") = "MigratoryBirds", "..\MigratoryBirds\MigratoryBirds.csproj", "{2CEE9074-F6C6-4BAA-BB4C-E87AC61D01CF}"
EndProject
Project("{FAE04EC0-301F-11D3-BF4B-00C04F79EFBC}") = "DayOfProgrammer", "..\DayOfProgrammer\DayOfProgrammer.csproj", "{6C26D284-7082-49FE-8B26-536951C9758F}"
EndProject
Project("{FAE04EC0-301F-11D3-BF4B-00C04F79EFBC}") = "BonAppetit", "..\BonAppetit\BonAppetit.csproj", "{169703F5-6DBC-4ACB-90B6-D0B69138AB77}"
EndProject
Project("{FAE04EC0-301F-11D3-BF4B-00C04F79EFBC}") = "GetTotalX", "..\GetTotalX\GetTotalX.csproj", "{22A33296-9D25-4DCD-BE4F-E0A33DEB48C6}"
EndProject
Project("{FAE04EC0-301F-11D3-BF4B-00C04F79EFBC}") = "SockMerchant", "..\SockMerchant\SockMerchant.csproj", "{31871A08-D09E-4429-AF8A-2DC4500F5456}"
EndProject
Project("{FAE04EC0-301F-11D3-BF4B-00C04F79EFBC}") = "DrawingBook", "DrawingBook\DrawingBook.csproj", "{71F2D717-99D6-4430-87E2-F8A3155C48EB}"
EndProject
Project("{FAE04EC0-301F-11D3-BF4B-00C04F79EFBC}") = "CountingValleys", "..\CountingValleys\CountingValleys.csproj", "{6C79494F-E33B-43BD-9124-F52D331F975E}"
EndProject
Project("{FAE04EC0-301F-11D3-BF4B-00C04F79EFBC}") = "CatAndMouse", "..\CatAndMouse\CatAndMouse.csproj", "{29B6668D-FE52-4FC2-B8A0-F228E2B940A6}"
EndProject
Project("{FAE04EC0-301F-11D3-BF4B-00C04F79EFBC}") = "Electronics Shop", "..\Electronics Shop\Electronics Shop.csproj", "{C23E83DC-D820-4FCE-AABD-78C231042B2D}"
EndProject
Project("{FAE04EC0-301F-11D3-BF4B-00C04F79EFBC}") = "PickingNumbers", "..\PickingNumbers\PickingNumbers.csproj", "{CE916E57-8AF5-44F7-9F48-4F0DEB8E56E2}"
EndProject
Project("{FAE04EC0-301F-11D3-BF4B-00C04F79EFBC}") = "SaveThePrisioner", "..\SaveThePrisioner\SaveThePrisioner.csproj", "{403FA81F-80E9-48F1-8306-98F4EFAB88BB}"
EndProject
Project("{FAE04EC0-301F-11D3-BF4B-00C04F79EFBC}") = "FindDigits", "..\FindDigits\FindDigits.csproj", "{8C4FBD0B-FFE9-4AC3-A6EF-FD77CDDBA743}"
EndProject
Project("{FAE04EC0-301F-11D3-BF4B-00C04F79EFBC}") = "DesignerPdfViewer", "..\DesignerPdfViewer\DesignerPdfViewer.csproj", "{C3CE24BF-219F-45CF-9715-021FDD3BED21}"
EndProject
Project("{FAE04EC0-301F-11D3-BF4B-00C04F79EFBC}") = "UtopianTree", "..\UtopianTree\UtopianTree.csproj", "{A19710D0-AC12-4162-B529-BE21A1180F4F}"
EndProject
Project("{FAE04EC0-301F-11D3-BF4B-00C04F79EFBC}") = "ExtraLongFactorials", "..\ExtraLongFactorials\ExtraLongFactorials.csproj", "{A159408A-0932-48B7-8773-E56EBA09BA67}"
EndProject
Project("{FAE04EC0-301F-11D3-BF4B-00C04F79EFBC}") = "ChocolateFeast", "..\ChocolateFeast\ChocolateFeast.csproj", "{48C84E79-16DB-4B04-BF87-B7E5B33F2E99}"
EndProject
Global
	GlobalSection(SolutionConfigurationPlatforms) = preSolution
		Debug|Any CPU = Debug|Any CPU
		Debug|x64 = Debug|x64
		Debug|x86 = Debug|x86
		Release|Any CPU = Release|Any CPU
		Release|x64 = Release|x64
		Release|x86 = Release|x86
	EndGlobalSection
	GlobalSection(ProjectConfigurationPlatforms) = postSolution
		{AE7C2558-A9C4-4EEB-AA49-C60541276E85}.Debug|Any CPU.ActiveCfg = Debug|Any CPU
		{AE7C2558-A9C4-4EEB-AA49-C60541276E85}.Debug|Any CPU.Build.0 = Debug|Any CPU
		{AE7C2558-A9C4-4EEB-AA49-C60541276E85}.Debug|x64.ActiveCfg = Debug|Any CPU
		{AE7C2558-A9C4-4EEB-AA49-C60541276E85}.Debug|x64.Build.0 = Debug|Any CPU
		{AE7C2558-A9C4-4EEB-AA49-C60541276E85}.Debug|x86.ActiveCfg = Debug|Any CPU
		{AE7C2558-A9C4-4EEB-AA49-C60541276E85}.Debug|x86.Build.0 = Debug|Any CPU
		{AE7C2558-A9C4-4EEB-AA49-C60541276E85}.Release|Any CPU.ActiveCfg = Release|Any CPU
		{AE7C2558-A9C4-4EEB-AA49-C60541276E85}.Release|Any CPU.Build.0 = Release|Any CPU
		{AE7C2558-A9C4-4EEB-AA49-C60541276E85}.Release|x64.ActiveCfg = Release|Any CPU
		{AE7C2558-A9C4-4EEB-AA49-C60541276E85}.Release|x64.Build.0 = Release|Any CPU
		{AE7C2558-A9C4-4EEB-AA49-C60541276E85}.Release|x86.ActiveCfg = Release|Any CPU
		{AE7C2558-A9C4-4EEB-AA49-C60541276E85}.Release|x86.Build.0 = Release|Any CPU
		{C2932B94-6F83-4D92-BAD7-2C4F7122AE99}.Debug|Any CPU.ActiveCfg = Debug|Any CPU
		{C2932B94-6F83-4D92-BAD7-2C4F7122AE99}.Debug|Any CPU.Build.0 = Debug|Any CPU
		{C2932B94-6F83-4D92-BAD7-2C4F7122AE99}.Debug|x64.ActiveCfg = Debug|Any CPU
		{C2932B94-6F83-4D92-BAD7-2C4F7122AE99}.Debug|x64.Build.0 = Debug|Any CPU
		{C2932B94-6F83-4D92-BAD7-2C4F7122AE99}.Debug|x86.ActiveCfg = Debug|Any CPU
		{C2932B94-6F83-4D92-BAD7-2C4F7122AE99}.Debug|x86.Build.0 = Debug|Any CPU
		{C2932B94-6F83-4D92-BAD7-2C4F7122AE99}.Release|Any CPU.ActiveCfg = Release|Any CPU
		{C2932B94-6F83-4D92-BAD7-2C4F7122AE99}.Release|Any CPU.Build.0 = Release|Any CPU
		{C2932B94-6F83-4D92-BAD7-2C4F7122AE99}.Release|x64.ActiveCfg = Release|Any CPU
		{C2932B94-6F83-4D92-BAD7-2C4F7122AE99}.Release|x64.Build.0 = Release|Any CPU
		{C2932B94-6F83-4D92-BAD7-2C4F7122AE99}.Release|x86.ActiveCfg = Release|Any CPU
		{C2932B94-6F83-4D92-BAD7-2C4F7122AE99}.Release|x86.Build.0 = Release|Any CPU
		{CF2B02DA-8D8A-4B24-BFD7-88D1468AFE46}.Debug|Any CPU.ActiveCfg = Debug|Any CPU
		{CF2B02DA-8D8A-4B24-BFD7-88D1468AFE46}.Debug|Any CPU.Build.0 = Debug|Any CPU
		{CF2B02DA-8D8A-4B24-BFD7-88D1468AFE46}.Debug|x64.ActiveCfg = Debug|Any CPU
		{CF2B02DA-8D8A-4B24-BFD7-88D1468AFE46}.Debug|x64.Build.0 = Debug|Any CPU
		{CF2B02DA-8D8A-4B24-BFD7-88D1468AFE46}.Debug|x86.ActiveCfg = Debug|Any CPU
		{CF2B02DA-8D8A-4B24-BFD7-88D1468AFE46}.Debug|x86.Build.0 = Debug|Any CPU
		{CF2B02DA-8D8A-4B24-BFD7-88D1468AFE46}.Release|Any CPU.ActiveCfg = Release|Any CPU
		{CF2B02DA-8D8A-4B24-BFD7-88D1468AFE46}.Release|Any CPU.Build.0 = Release|Any CPU
		{CF2B02DA-8D8A-4B24-BFD7-88D1468AFE46}.Release|x64.ActiveCfg = Release|Any CPU
		{CF2B02DA-8D8A-4B24-BFD7-88D1468AFE46}.Release|x64.Build.0 = Release|Any CPU
		{CF2B02DA-8D8A-4B24-BFD7-88D1468AFE46}.Release|x86.ActiveCfg = Release|Any CPU
		{CF2B02DA-8D8A-4B24-BFD7-88D1468AFE46}.Release|x86.Build.0 = Release|Any CPU
		{90BBAEF0-1789-4205-B7FB-933ADA58718A}.Debug|Any CPU.ActiveCfg = Debug|Any CPU
		{90BBAEF0-1789-4205-B7FB-933ADA58718A}.Debug|Any CPU.Build.0 = Debug|Any CPU
		{90BBAEF0-1789-4205-B7FB-933ADA58718A}.Debug|x64.ActiveCfg = Debug|Any CPU
		{90BBAEF0-1789-4205-B7FB-933ADA58718A}.Debug|x64.Build.0 = Debug|Any CPU
		{90BBAEF0-1789-4205-B7FB-933ADA58718A}.Debug|x86.ActiveCfg = Debug|Any CPU
		{90BBAEF0-1789-4205-B7FB-933ADA58718A}.Debug|x86.Build.0 = Debug|Any CPU
		{90BBAEF0-1789-4205-B7FB-933ADA58718A}.Release|Any CPU.ActiveCfg = Release|Any CPU
		{90BBAEF0-1789-4205-B7FB-933ADA58718A}.Release|Any CPU.Build.0 = Release|Any CPU
		{90BBAEF0-1789-4205-B7FB-933ADA58718A}.Release|x64.ActiveCfg = Release|Any CPU
		{90BBAEF0-1789-4205-B7FB-933ADA58718A}.Release|x64.Build.0 = Release|Any CPU
		{90BBAEF0-1789-4205-B7FB-933ADA58718A}.Release|x86.ActiveCfg = Release|Any CPU
		{90BBAEF0-1789-4205-B7FB-933ADA58718A}.Release|x86.Build.0 = Release|Any CPU
		{CD9F3B33-AB1D-4299-A5BE-BDDB16B7CFB9}.Debug|Any CPU.ActiveCfg = Debug|Any CPU
		{CD9F3B33-AB1D-4299-A5BE-BDDB16B7CFB9}.Debug|Any CPU.Build.0 = Debug|Any CPU
		{CD9F3B33-AB1D-4299-A5BE-BDDB16B7CFB9}.Debug|x64.ActiveCfg = Debug|Any CPU
		{CD9F3B33-AB1D-4299-A5BE-BDDB16B7CFB9}.Debug|x64.Build.0 = Debug|Any CPU
		{CD9F3B33-AB1D-4299-A5BE-BDDB16B7CFB9}.Debug|x86.ActiveCfg = Debug|Any CPU
		{CD9F3B33-AB1D-4299-A5BE-BDDB16B7CFB9}.Debug|x86.Build.0 = Debug|Any CPU
		{CD9F3B33-AB1D-4299-A5BE-BDDB16B7CFB9}.Release|Any CPU.ActiveCfg = Release|Any CPU
		{CD9F3B33-AB1D-4299-A5BE-BDDB16B7CFB9}.Release|Any CPU.Build.0 = Release|Any CPU
		{CD9F3B33-AB1D-4299-A5BE-BDDB16B7CFB9}.Release|x64.ActiveCfg = Release|Any CPU
		{CD9F3B33-AB1D-4299-A5BE-BDDB16B7CFB9}.Release|x64.Build.0 = Release|Any CPU
		{CD9F3B33-AB1D-4299-A5BE-BDDB16B7CFB9}.Release|x86.ActiveCfg = Release|Any CPU
		{CD9F3B33-AB1D-4299-A5BE-BDDB16B7CFB9}.Release|x86.Build.0 = Release|Any CPU
		{2DB82B15-91C7-4239-93CB-91DAC1D2940B}.Debug|Any CPU.ActiveCfg = Debug|Any CPU
		{2DB82B15-91C7-4239-93CB-91DAC1D2940B}.Debug|Any CPU.Build.0 = Debug|Any CPU
		{2DB82B15-91C7-4239-93CB-91DAC1D2940B}.Debug|x64.ActiveCfg = Debug|Any CPU
		{2DB82B15-91C7-4239-93CB-91DAC1D2940B}.Debug|x64.Build.0 = Debug|Any CPU
		{2DB82B15-91C7-4239-93CB-91DAC1D2940B}.Debug|x86.ActiveCfg = Debug|Any CPU
		{2DB82B15-91C7-4239-93CB-91DAC1D2940B}.Debug|x86.Build.0 = Debug|Any CPU
		{2DB82B15-91C7-4239-93CB-91DAC1D2940B}.Release|Any CPU.ActiveCfg = Release|Any CPU
		{2DB82B15-91C7-4239-93CB-91DAC1D2940B}.Release|Any CPU.Build.0 = Release|Any CPU
		{2DB82B15-91C7-4239-93CB-91DAC1D2940B}.Release|x64.ActiveCfg = Release|Any CPU
		{2DB82B15-91C7-4239-93CB-91DAC1D2940B}.Release|x64.Build.0 = Release|Any CPU
		{2DB82B15-91C7-4239-93CB-91DAC1D2940B}.Release|x86.ActiveCfg = Release|Any CPU
		{2DB82B15-91C7-4239-93CB-91DAC1D2940B}.Release|x86.Build.0 = Release|Any CPU
		{3BFFEF6E-4E32-4094-B7C9-CB8FC7A45E95}.Debug|Any CPU.ActiveCfg = Debug|Any CPU
		{3BFFEF6E-4E32-4094-B7C9-CB8FC7A45E95}.Debug|Any CPU.Build.0 = Debug|Any CPU
		{3BFFEF6E-4E32-4094-B7C9-CB8FC7A45E95}.Debug|x64.ActiveCfg = Debug|Any CPU
		{3BFFEF6E-4E32-4094-B7C9-CB8FC7A45E95}.Debug|x64.Build.0 = Debug|Any CPU
		{3BFFEF6E-4E32-4094-B7C9-CB8FC7A45E95}.Debug|x86.ActiveCfg = Debug|Any CPU
		{3BFFEF6E-4E32-4094-B7C9-CB8FC7A45E95}.Debug|x86.Build.0 = Debug|Any CPU
		{3BFFEF6E-4E32-4094-B7C9-CB8FC7A45E95}.Release|Any CPU.ActiveCfg = Release|Any CPU
		{3BFFEF6E-4E32-4094-B7C9-CB8FC7A45E95}.Release|Any CPU.Build.0 = Release|Any CPU
		{3BFFEF6E-4E32-4094-B7C9-CB8FC7A45E95}.Release|x64.ActiveCfg = Release|Any CPU
		{3BFFEF6E-4E32-4094-B7C9-CB8FC7A45E95}.Release|x64.Build.0 = Release|Any CPU
		{3BFFEF6E-4E32-4094-B7C9-CB8FC7A45E95}.Release|x86.ActiveCfg = Release|Any CPU
		{3BFFEF6E-4E32-4094-B7C9-CB8FC7A45E95}.Release|x86.Build.0 = Release|Any CPU
		{0D51DBEF-FFFE-46F1-B501-22E60AD6CDCA}.Debug|Any CPU.ActiveCfg = Debug|Any CPU
		{0D51DBEF-FFFE-46F1-B501-22E60AD6CDCA}.Debug|Any CPU.Build.0 = Debug|Any CPU
		{0D51DBEF-FFFE-46F1-B501-22E60AD6CDCA}.Debug|x64.ActiveCfg = Debug|Any CPU
		{0D51DBEF-FFFE-46F1-B501-22E60AD6CDCA}.Debug|x64.Build.0 = Debug|Any CPU
		{0D51DBEF-FFFE-46F1-B501-22E60AD6CDCA}.Debug|x86.ActiveCfg = Debug|Any CPU
		{0D51DBEF-FFFE-46F1-B501-22E60AD6CDCA}.Debug|x86.Build.0 = Debug|Any CPU
		{0D51DBEF-FFFE-46F1-B501-22E60AD6CDCA}.Release|Any CPU.ActiveCfg = Release|Any CPU
		{0D51DBEF-FFFE-46F1-B501-22E60AD6CDCA}.Release|Any CPU.Build.0 = Release|Any CPU
		{0D51DBEF-FFFE-46F1-B501-22E60AD6CDCA}.Release|x64.ActiveCfg = Release|Any CPU
		{0D51DBEF-FFFE-46F1-B501-22E60AD6CDCA}.Release|x64.Build.0 = Release|Any CPU
		{0D51DBEF-FFFE-46F1-B501-22E60AD6CDCA}.Release|x86.ActiveCfg = Release|Any CPU
		{0D51DBEF-FFFE-46F1-B501-22E60AD6CDCA}.Release|x86.Build.0 = Release|Any CPU
		{79CC7F07-79C2-4F56-AA50-1D0135D623A1}.Debug|Any CPU.ActiveCfg = Debug|Any CPU
		{79CC7F07-79C2-4F56-AA50-1D0135D623A1}.Debug|Any CPU.Build.0 = Debug|Any CPU
		{79CC7F07-79C2-4F56-AA50-1D0135D623A1}.Debug|x64.ActiveCfg = Debug|Any CPU
		{79CC7F07-79C2-4F56-AA50-1D0135D623A1}.Debug|x64.Build.0 = Debug|Any CPU
		{79CC7F07-79C2-4F56-AA50-1D0135D623A1}.Debug|x86.ActiveCfg = Debug|Any CPU
		{79CC7F07-79C2-4F56-AA50-1D0135D623A1}.Debug|x86.Build.0 = Debug|Any CPU
		{79CC7F07-79C2-4F56-AA50-1D0135D623A1}.Release|Any CPU.ActiveCfg = Release|Any CPU
		{79CC7F07-79C2-4F56-AA50-1D0135D623A1}.Release|Any CPU.Build.0 = Release|Any CPU
		{79CC7F07-79C2-4F56-AA50-1D0135D623A1}.Release|x64.ActiveCfg = Release|Any CPU
		{79CC7F07-79C2-4F56-AA50-1D0135D623A1}.Release|x64.Build.0 = Release|Any CPU
		{79CC7F07-79C2-4F56-AA50-1D0135D623A1}.Release|x86.ActiveCfg = Release|Any CPU
		{79CC7F07-79C2-4F56-AA50-1D0135D623A1}.Release|x86.Build.0 = Release|Any CPU
		{320573CB-310F-4F6C-98AC-04ABC6D5CD74}.Debug|Any CPU.ActiveCfg = Debug|Any CPU
		{320573CB-310F-4F6C-98AC-04ABC6D5CD74}.Debug|Any CPU.Build.0 = Debug|Any CPU
		{320573CB-310F-4F6C-98AC-04ABC6D5CD74}.Debug|x64.ActiveCfg = Debug|Any CPU
		{320573CB-310F-4F6C-98AC-04ABC6D5CD74}.Debug|x64.Build.0 = Debug|Any CPU
		{320573CB-310F-4F6C-98AC-04ABC6D5CD74}.Debug|x86.ActiveCfg = Debug|Any CPU
		{320573CB-310F-4F6C-98AC-04ABC6D5CD74}.Debug|x86.Build.0 = Debug|Any CPU
		{320573CB-310F-4F6C-98AC-04ABC6D5CD74}.Release|Any CPU.ActiveCfg = Release|Any CPU
		{320573CB-310F-4F6C-98AC-04ABC6D5CD74}.Release|Any CPU.Build.0 = Release|Any CPU
		{320573CB-310F-4F6C-98AC-04ABC6D5CD74}.Release|x64.ActiveCfg = Release|Any CPU
		{320573CB-310F-4F6C-98AC-04ABC6D5CD74}.Release|x64.Build.0 = Release|Any CPU
		{320573CB-310F-4F6C-98AC-04ABC6D5CD74}.Release|x86.ActiveCfg = Release|Any CPU
		{320573CB-310F-4F6C-98AC-04ABC6D5CD74}.Release|x86.Build.0 = Release|Any CPU
		{8E52F934-57D1-466D-A33C-6A22F59E3B48}.Debug|Any CPU.ActiveCfg = Debug|Any CPU
		{8E52F934-57D1-466D-A33C-6A22F59E3B48}.Debug|Any CPU.Build.0 = Debug|Any CPU
		{8E52F934-57D1-466D-A33C-6A22F59E3B48}.Debug|x64.ActiveCfg = Debug|Any CPU
		{8E52F934-57D1-466D-A33C-6A22F59E3B48}.Debug|x64.Build.0 = Debug|Any CPU
		{8E52F934-57D1-466D-A33C-6A22F59E3B48}.Debug|x86.ActiveCfg = Debug|Any CPU
		{8E52F934-57D1-466D-A33C-6A22F59E3B48}.Debug|x86.Build.0 = Debug|Any CPU
		{8E52F934-57D1-466D-A33C-6A22F59E3B48}.Release|Any CPU.ActiveCfg = Release|Any CPU
		{8E52F934-57D1-466D-A33C-6A22F59E3B48}.Release|Any CPU.Build.0 = Release|Any CPU
		{8E52F934-57D1-466D-A33C-6A22F59E3B48}.Release|x64.ActiveCfg = Release|Any CPU
		{8E52F934-57D1-466D-A33C-6A22F59E3B48}.Release|x64.Build.0 = Release|Any CPU
		{8E52F934-57D1-466D-A33C-6A22F59E3B48}.Release|x86.ActiveCfg = Release|Any CPU
		{8E52F934-57D1-466D-A33C-6A22F59E3B48}.Release|x86.Build.0 = Release|Any CPU
		{EB45EB7E-9CF3-4E39-8B22-CA85DC555101}.Debug|Any CPU.ActiveCfg = Debug|Any CPU
		{EB45EB7E-9CF3-4E39-8B22-CA85DC555101}.Debug|Any CPU.Build.0 = Debug|Any CPU
		{EB45EB7E-9CF3-4E39-8B22-CA85DC555101}.Debug|x64.ActiveCfg = Debug|Any CPU
		{EB45EB7E-9CF3-4E39-8B22-CA85DC555101}.Debug|x64.Build.0 = Debug|Any CPU
		{EB45EB7E-9CF3-4E39-8B22-CA85DC555101}.Debug|x86.ActiveCfg = Debug|Any CPU
		{EB45EB7E-9CF3-4E39-8B22-CA85DC555101}.Debug|x86.Build.0 = Debug|Any CPU
		{EB45EB7E-9CF3-4E39-8B22-CA85DC555101}.Release|Any CPU.ActiveCfg = Release|Any CPU
		{EB45EB7E-9CF3-4E39-8B22-CA85DC555101}.Release|Any CPU.Build.0 = Release|Any CPU
		{EB45EB7E-9CF3-4E39-8B22-CA85DC555101}.Release|x64.ActiveCfg = Release|Any CPU
		{EB45EB7E-9CF3-4E39-8B22-CA85DC555101}.Release|x64.Build.0 = Release|Any CPU
		{EB45EB7E-9CF3-4E39-8B22-CA85DC555101}.Release|x86.ActiveCfg = Release|Any CPU
		{EB45EB7E-9CF3-4E39-8B22-CA85DC555101}.Release|x86.Build.0 = Release|Any CPU
		{FCA1A892-BA02-4A29-8E22-666101530923}.Debug|Any CPU.ActiveCfg = Debug|Any CPU
		{FCA1A892-BA02-4A29-8E22-666101530923}.Debug|Any CPU.Build.0 = Debug|Any CPU
		{FCA1A892-BA02-4A29-8E22-666101530923}.Debug|x64.ActiveCfg = Debug|Any CPU
		{FCA1A892-BA02-4A29-8E22-666101530923}.Debug|x64.Build.0 = Debug|Any CPU
		{FCA1A892-BA02-4A29-8E22-666101530923}.Debug|x86.ActiveCfg = Debug|Any CPU
		{FCA1A892-BA02-4A29-8E22-666101530923}.Debug|x86.Build.0 = Debug|Any CPU
		{FCA1A892-BA02-4A29-8E22-666101530923}.Release|Any CPU.ActiveCfg = Release|Any CPU
		{FCA1A892-BA02-4A29-8E22-666101530923}.Release|Any CPU.Build.0 = Release|Any CPU
		{FCA1A892-BA02-4A29-8E22-666101530923}.Release|x64.ActiveCfg = Release|Any CPU
		{FCA1A892-BA02-4A29-8E22-666101530923}.Release|x64.Build.0 = Release|Any CPU
		{FCA1A892-BA02-4A29-8E22-666101530923}.Release|x86.ActiveCfg = Release|Any CPU
		{FCA1A892-BA02-4A29-8E22-666101530923}.Release|x86.Build.0 = Release|Any CPU
		{5CBEBCE4-0215-44F3-A129-4623CD3B3196}.Debug|Any CPU.ActiveCfg = Debug|Any CPU
		{5CBEBCE4-0215-44F3-A129-4623CD3B3196}.Debug|Any CPU.Build.0 = Debug|Any CPU
		{5CBEBCE4-0215-44F3-A129-4623CD3B3196}.Debug|x64.ActiveCfg = Debug|Any CPU
		{5CBEBCE4-0215-44F3-A129-4623CD3B3196}.Debug|x64.Build.0 = Debug|Any CPU
		{5CBEBCE4-0215-44F3-A129-4623CD3B3196}.Debug|x86.ActiveCfg = Debug|Any CPU
		{5CBEBCE4-0215-44F3-A129-4623CD3B3196}.Debug|x86.Build.0 = Debug|Any CPU
		{5CBEBCE4-0215-44F3-A129-4623CD3B3196}.Release|Any CPU.ActiveCfg = Release|Any CPU
		{5CBEBCE4-0215-44F3-A129-4623CD3B3196}.Release|Any CPU.Build.0 = Release|Any CPU
		{5CBEBCE4-0215-44F3-A129-4623CD3B3196}.Release|x64.ActiveCfg = Release|Any CPU
		{5CBEBCE4-0215-44F3-A129-4623CD3B3196}.Release|x64.Build.0 = Release|Any CPU
		{5CBEBCE4-0215-44F3-A129-4623CD3B3196}.Release|x86.ActiveCfg = Release|Any CPU
		{5CBEBCE4-0215-44F3-A129-4623CD3B3196}.Release|x86.Build.0 = Release|Any CPU
		{3C37B16B-F90E-4304-B073-C47316ED97AB}.Debug|Any CPU.ActiveCfg = Debug|Any CPU
		{3C37B16B-F90E-4304-B073-C47316ED97AB}.Debug|Any CPU.Build.0 = Debug|Any CPU
		{3C37B16B-F90E-4304-B073-C47316ED97AB}.Debug|x64.ActiveCfg = Debug|Any CPU
		{3C37B16B-F90E-4304-B073-C47316ED97AB}.Debug|x64.Build.0 = Debug|Any CPU
		{3C37B16B-F90E-4304-B073-C47316ED97AB}.Debug|x86.ActiveCfg = Debug|Any CPU
		{3C37B16B-F90E-4304-B073-C47316ED97AB}.Debug|x86.Build.0 = Debug|Any CPU
		{3C37B16B-F90E-4304-B073-C47316ED97AB}.Release|Any CPU.ActiveCfg = Release|Any CPU
		{3C37B16B-F90E-4304-B073-C47316ED97AB}.Release|Any CPU.Build.0 = Release|Any CPU
		{3C37B16B-F90E-4304-B073-C47316ED97AB}.Release|x64.ActiveCfg = Release|Any CPU
		{3C37B16B-F90E-4304-B073-C47316ED97AB}.Release|x64.Build.0 = Release|Any CPU
		{3C37B16B-F90E-4304-B073-C47316ED97AB}.Release|x86.ActiveCfg = Release|Any CPU
		{3C37B16B-F90E-4304-B073-C47316ED97AB}.Release|x86.Build.0 = Release|Any CPU
		{FFBF796B-C1F7-48AE-AA0A-2DA2DACD9095}.Debug|Any CPU.ActiveCfg = Debug|Any CPU
		{FFBF796B-C1F7-48AE-AA0A-2DA2DACD9095}.Debug|Any CPU.Build.0 = Debug|Any CPU
		{FFBF796B-C1F7-48AE-AA0A-2DA2DACD9095}.Debug|x64.ActiveCfg = Debug|Any CPU
		{FFBF796B-C1F7-48AE-AA0A-2DA2DACD9095}.Debug|x64.Build.0 = Debug|Any CPU
		{FFBF796B-C1F7-48AE-AA0A-2DA2DACD9095}.Debug|x86.ActiveCfg = Debug|Any CPU
		{FFBF796B-C1F7-48AE-AA0A-2DA2DACD9095}.Debug|x86.Build.0 = Debug|Any CPU
		{FFBF796B-C1F7-48AE-AA0A-2DA2DACD9095}.Release|Any CPU.ActiveCfg = Release|Any CPU
		{FFBF796B-C1F7-48AE-AA0A-2DA2DACD9095}.Release|Any CPU.Build.0 = Release|Any CPU
		{FFBF796B-C1F7-48AE-AA0A-2DA2DACD9095}.Release|x64.ActiveCfg = Release|Any CPU
		{FFBF796B-C1F7-48AE-AA0A-2DA2DACD9095}.Release|x64.Build.0 = Release|Any CPU
		{FFBF796B-C1F7-48AE-AA0A-2DA2DACD9095}.Release|x86.ActiveCfg = Release|Any CPU
		{FFBF796B-C1F7-48AE-AA0A-2DA2DACD9095}.Release|x86.Build.0 = Release|Any CPU
		{2CEE9074-F6C6-4BAA-BB4C-E87AC61D01CF}.Debug|Any CPU.ActiveCfg = Debug|Any CPU
		{2CEE9074-F6C6-4BAA-BB4C-E87AC61D01CF}.Debug|Any CPU.Build.0 = Debug|Any CPU
		{2CEE9074-F6C6-4BAA-BB4C-E87AC61D01CF}.Debug|x64.ActiveCfg = Debug|Any CPU
		{2CEE9074-F6C6-4BAA-BB4C-E87AC61D01CF}.Debug|x64.Build.0 = Debug|Any CPU
		{2CEE9074-F6C6-4BAA-BB4C-E87AC61D01CF}.Debug|x86.ActiveCfg = Debug|Any CPU
		{2CEE9074-F6C6-4BAA-BB4C-E87AC61D01CF}.Debug|x86.Build.0 = Debug|Any CPU
		{2CEE9074-F6C6-4BAA-BB4C-E87AC61D01CF}.Release|Any CPU.ActiveCfg = Release|Any CPU
		{2CEE9074-F6C6-4BAA-BB4C-E87AC61D01CF}.Release|Any CPU.Build.0 = Release|Any CPU
		{2CEE9074-F6C6-4BAA-BB4C-E87AC61D01CF}.Release|x64.ActiveCfg = Release|Any CPU
		{2CEE9074-F6C6-4BAA-BB4C-E87AC61D01CF}.Release|x64.Build.0 = Release|Any CPU
		{2CEE9074-F6C6-4BAA-BB4C-E87AC61D01CF}.Release|x86.ActiveCfg = Release|Any CPU
		{2CEE9074-F6C6-4BAA-BB4C-E87AC61D01CF}.Release|x86.Build.0 = Release|Any CPU
		{6C26D284-7082-49FE-8B26-536951C9758F}.Debug|Any CPU.ActiveCfg = Debug|Any CPU
		{6C26D284-7082-49FE-8B26-536951C9758F}.Debug|Any CPU.Build.0 = Debug|Any CPU
		{6C26D284-7082-49FE-8B26-536951C9758F}.Debug|x64.ActiveCfg = Debug|Any CPU
		{6C26D284-7082-49FE-8B26-536951C9758F}.Debug|x64.Build.0 = Debug|Any CPU
		{6C26D284-7082-49FE-8B26-536951C9758F}.Debug|x86.ActiveCfg = Debug|Any CPU
		{6C26D284-7082-49FE-8B26-536951C9758F}.Debug|x86.Build.0 = Debug|Any CPU
		{6C26D284-7082-49FE-8B26-536951C9758F}.Release|Any CPU.ActiveCfg = Release|Any CPU
		{6C26D284-7082-49FE-8B26-536951C9758F}.Release|Any CPU.Build.0 = Release|Any CPU
		{6C26D284-7082-49FE-8B26-536951C9758F}.Release|x64.ActiveCfg = Release|Any CPU
		{6C26D284-7082-49FE-8B26-536951C9758F}.Release|x64.Build.0 = Release|Any CPU
		{6C26D284-7082-49FE-8B26-536951C9758F}.Release|x86.ActiveCfg = Release|Any CPU
		{6C26D284-7082-49FE-8B26-536951C9758F}.Release|x86.Build.0 = Release|Any CPU
		{169703F5-6DBC-4ACB-90B6-D0B69138AB77}.Debug|Any CPU.ActiveCfg = Debug|Any CPU
		{169703F5-6DBC-4ACB-90B6-D0B69138AB77}.Debug|Any CPU.Build.0 = Debug|Any CPU
		{169703F5-6DBC-4ACB-90B6-D0B69138AB77}.Debug|x64.ActiveCfg = Debug|Any CPU
		{169703F5-6DBC-4ACB-90B6-D0B69138AB77}.Debug|x64.Build.0 = Debug|Any CPU
		{169703F5-6DBC-4ACB-90B6-D0B69138AB77}.Debug|x86.ActiveCfg = Debug|Any CPU
		{169703F5-6DBC-4ACB-90B6-D0B69138AB77}.Debug|x86.Build.0 = Debug|Any CPU
		{169703F5-6DBC-4ACB-90B6-D0B69138AB77}.Release|Any CPU.ActiveCfg = Release|Any CPU
		{169703F5-6DBC-4ACB-90B6-D0B69138AB77}.Release|Any CPU.Build.0 = Release|Any CPU
		{169703F5-6DBC-4ACB-90B6-D0B69138AB77}.Release|x64.ActiveCfg = Release|Any CPU
		{169703F5-6DBC-4ACB-90B6-D0B69138AB77}.Release|x64.Build.0 = Release|Any CPU
		{169703F5-6DBC-4ACB-90B6-D0B69138AB77}.Release|x86.ActiveCfg = Release|Any CPU
		{169703F5-6DBC-4ACB-90B6-D0B69138AB77}.Release|x86.Build.0 = Release|Any CPU
		{22A33296-9D25-4DCD-BE4F-E0A33DEB48C6}.Debug|Any CPU.ActiveCfg = Debug|Any CPU
		{22A33296-9D25-4DCD-BE4F-E0A33DEB48C6}.Debug|Any CPU.Build.0 = Debug|Any CPU
		{22A33296-9D25-4DCD-BE4F-E0A33DEB48C6}.Debug|x64.ActiveCfg = Debug|Any CPU
		{22A33296-9D25-4DCD-BE4F-E0A33DEB48C6}.Debug|x64.Build.0 = Debug|Any CPU
		{22A33296-9D25-4DCD-BE4F-E0A33DEB48C6}.Debug|x86.ActiveCfg = Debug|Any CPU
		{22A33296-9D25-4DCD-BE4F-E0A33DEB48C6}.Debug|x86.Build.0 = Debug|Any CPU
		{22A33296-9D25-4DCD-BE4F-E0A33DEB48C6}.Release|Any CPU.ActiveCfg = Release|Any CPU
		{22A33296-9D25-4DCD-BE4F-E0A33DEB48C6}.Release|Any CPU.Build.0 = Release|Any CPU
		{22A33296-9D25-4DCD-BE4F-E0A33DEB48C6}.Release|x64.ActiveCfg = Release|Any CPU
		{22A33296-9D25-4DCD-BE4F-E0A33DEB48C6}.Release|x64.Build.0 = Release|Any CPU
		{22A33296-9D25-4DCD-BE4F-E0A33DEB48C6}.Release|x86.ActiveCfg = Release|Any CPU
		{22A33296-9D25-4DCD-BE4F-E0A33DEB48C6}.Release|x86.Build.0 = Release|Any CPU
		{31871A08-D09E-4429-AF8A-2DC4500F5456}.Debug|Any CPU.ActiveCfg = Debug|Any CPU
		{31871A08-D09E-4429-AF8A-2DC4500F5456}.Debug|Any CPU.Build.0 = Debug|Any CPU
		{31871A08-D09E-4429-AF8A-2DC4500F5456}.Debug|x64.ActiveCfg = Debug|Any CPU
		{31871A08-D09E-4429-AF8A-2DC4500F5456}.Debug|x64.Build.0 = Debug|Any CPU
		{31871A08-D09E-4429-AF8A-2DC4500F5456}.Debug|x86.ActiveCfg = Debug|Any CPU
		{31871A08-D09E-4429-AF8A-2DC4500F5456}.Debug|x86.Build.0 = Debug|Any CPU
		{31871A08-D09E-4429-AF8A-2DC4500F5456}.Release|Any CPU.ActiveCfg = Release|Any CPU
		{31871A08-D09E-4429-AF8A-2DC4500F5456}.Release|Any CPU.Build.0 = Release|Any CPU
		{31871A08-D09E-4429-AF8A-2DC4500F5456}.Release|x64.ActiveCfg = Release|Any CPU
		{31871A08-D09E-4429-AF8A-2DC4500F5456}.Release|x64.Build.0 = Release|Any CPU
		{31871A08-D09E-4429-AF8A-2DC4500F5456}.Release|x86.ActiveCfg = Release|Any CPU
		{31871A08-D09E-4429-AF8A-2DC4500F5456}.Release|x86.Build.0 = Release|Any CPU
		{71F2D717-99D6-4430-87E2-F8A3155C48EB}.Debug|Any CPU.ActiveCfg = Debug|Any CPU
		{71F2D717-99D6-4430-87E2-F8A3155C48EB}.Debug|Any CPU.Build.0 = Debug|Any CPU
		{71F2D717-99D6-4430-87E2-F8A3155C48EB}.Debug|x64.ActiveCfg = Debug|Any CPU
		{71F2D717-99D6-4430-87E2-F8A3155C48EB}.Debug|x64.Build.0 = Debug|Any CPU
		{71F2D717-99D6-4430-87E2-F8A3155C48EB}.Debug|x86.ActiveCfg = Debug|Any CPU
		{71F2D717-99D6-4430-87E2-F8A3155C48EB}.Debug|x86.Build.0 = Debug|Any CPU
		{71F2D717-99D6-4430-87E2-F8A3155C48EB}.Release|Any CPU.ActiveCfg = Release|Any CPU
		{71F2D717-99D6-4430-87E2-F8A3155C48EB}.Release|Any CPU.Build.0 = Release|Any CPU
		{71F2D717-99D6-4430-87E2-F8A3155C48EB}.Release|x64.ActiveCfg = Release|Any CPU
		{71F2D717-99D6-4430-87E2-F8A3155C48EB}.Release|x64.Build.0 = Release|Any CPU
		{71F2D717-99D6-4430-87E2-F8A3155C48EB}.Release|x86.ActiveCfg = Release|Any CPU
		{71F2D717-99D6-4430-87E2-F8A3155C48EB}.Release|x86.Build.0 = Release|Any CPU
		{6C79494F-E33B-43BD-9124-F52D331F975E}.Debug|Any CPU.ActiveCfg = Debug|Any CPU
		{6C79494F-E33B-43BD-9124-F52D331F975E}.Debug|Any CPU.Build.0 = Debug|Any CPU
		{6C79494F-E33B-43BD-9124-F52D331F975E}.Debug|x64.ActiveCfg = Debug|Any CPU
		{6C79494F-E33B-43BD-9124-F52D331F975E}.Debug|x64.Build.0 = Debug|Any CPU
		{6C79494F-E33B-43BD-9124-F52D331F975E}.Debug|x86.ActiveCfg = Debug|Any CPU
		{6C79494F-E33B-43BD-9124-F52D331F975E}.Debug|x86.Build.0 = Debug|Any CPU
		{6C79494F-E33B-43BD-9124-F52D331F975E}.Release|Any CPU.ActiveCfg = Release|Any CPU
		{6C79494F-E33B-43BD-9124-F52D331F975E}.Release|Any CPU.Build.0 = Release|Any CPU
		{6C79494F-E33B-43BD-9124-F52D331F975E}.Release|x64.ActiveCfg = Release|Any CPU
		{6C79494F-E33B-43BD-9124-F52D331F975E}.Release|x64.Build.0 = Release|Any CPU
		{6C79494F-E33B-43BD-9124-F52D331F975E}.Release|x86.ActiveCfg = Release|Any CPU
		{6C79494F-E33B-43BD-9124-F52D331F975E}.Release|x86.Build.0 = Release|Any CPU
		{29B6668D-FE52-4FC2-B8A0-F228E2B940A6}.Debug|Any CPU.ActiveCfg = Debug|Any CPU
		{29B6668D-FE52-4FC2-B8A0-F228E2B940A6}.Debug|Any CPU.Build.0 = Debug|Any CPU
		{29B6668D-FE52-4FC2-B8A0-F228E2B940A6}.Debug|x64.ActiveCfg = Debug|Any CPU
		{29B6668D-FE52-4FC2-B8A0-F228E2B940A6}.Debug|x64.Build.0 = Debug|Any CPU
		{29B6668D-FE52-4FC2-B8A0-F228E2B940A6}.Debug|x86.ActiveCfg = Debug|Any CPU
		{29B6668D-FE52-4FC2-B8A0-F228E2B940A6}.Debug|x86.Build.0 = Debug|Any CPU
		{29B6668D-FE52-4FC2-B8A0-F228E2B940A6}.Release|Any CPU.ActiveCfg = Release|Any CPU
		{29B6668D-FE52-4FC2-B8A0-F228E2B940A6}.Release|Any CPU.Build.0 = Release|Any CPU
		{29B6668D-FE52-4FC2-B8A0-F228E2B940A6}.Release|x64.ActiveCfg = Release|Any CPU
		{29B6668D-FE52-4FC2-B8A0-F228E2B940A6}.Release|x64.Build.0 = Release|Any CPU
		{29B6668D-FE52-4FC2-B8A0-F228E2B940A6}.Release|x86.ActiveCfg = Release|Any CPU
		{29B6668D-FE52-4FC2-B8A0-F228E2B940A6}.Release|x86.Build.0 = Release|Any CPU
		{C23E83DC-D820-4FCE-AABD-78C231042B2D}.Debug|Any CPU.ActiveCfg = Debug|Any CPU
		{C23E83DC-D820-4FCE-AABD-78C231042B2D}.Debug|Any CPU.Build.0 = Debug|Any CPU
		{C23E83DC-D820-4FCE-AABD-78C231042B2D}.Debug|x64.ActiveCfg = Debug|Any CPU
		{C23E83DC-D820-4FCE-AABD-78C231042B2D}.Debug|x64.Build.0 = Debug|Any CPU
		{C23E83DC-D820-4FCE-AABD-78C231042B2D}.Debug|x86.ActiveCfg = Debug|Any CPU
		{C23E83DC-D820-4FCE-AABD-78C231042B2D}.Debug|x86.Build.0 = Debug|Any CPU
		{C23E83DC-D820-4FCE-AABD-78C231042B2D}.Release|Any CPU.ActiveCfg = Release|Any CPU
		{C23E83DC-D820-4FCE-AABD-78C231042B2D}.Release|Any CPU.Build.0 = Release|Any CPU
		{C23E83DC-D820-4FCE-AABD-78C231042B2D}.Release|x64.ActiveCfg = Release|Any CPU
		{C23E83DC-D820-4FCE-AABD-78C231042B2D}.Release|x64.Build.0 = Release|Any CPU
		{C23E83DC-D820-4FCE-AABD-78C231042B2D}.Release|x86.ActiveCfg = Release|Any CPU
		{C23E83DC-D820-4FCE-AABD-78C231042B2D}.Release|x86.Build.0 = Release|Any CPU
		{CE916E57-8AF5-44F7-9F48-4F0DEB8E56E2}.Debug|Any CPU.ActiveCfg = Debug|Any CPU
		{CE916E57-8AF5-44F7-9F48-4F0DEB8E56E2}.Debug|Any CPU.Build.0 = Debug|Any CPU
		{CE916E57-8AF5-44F7-9F48-4F0DEB8E56E2}.Debug|x64.ActiveCfg = Debug|Any CPU
		{CE916E57-8AF5-44F7-9F48-4F0DEB8E56E2}.Debug|x64.Build.0 = Debug|Any CPU
		{CE916E57-8AF5-44F7-9F48-4F0DEB8E56E2}.Debug|x86.ActiveCfg = Debug|Any CPU
		{CE916E57-8AF5-44F7-9F48-4F0DEB8E56E2}.Debug|x86.Build.0 = Debug|Any CPU
		{CE916E57-8AF5-44F7-9F48-4F0DEB8E56E2}.Release|Any CPU.ActiveCfg = Release|Any CPU
		{CE916E57-8AF5-44F7-9F48-4F0DEB8E56E2}.Release|Any CPU.Build.0 = Release|Any CPU
		{CE916E57-8AF5-44F7-9F48-4F0DEB8E56E2}.Release|x64.ActiveCfg = Release|Any CPU
		{CE916E57-8AF5-44F7-9F48-4F0DEB8E56E2}.Release|x64.Build.0 = Release|Any CPU
		{CE916E57-8AF5-44F7-9F48-4F0DEB8E56E2}.Release|x86.ActiveCfg = Release|Any CPU
		{CE916E57-8AF5-44F7-9F48-4F0DEB8E56E2}.Release|x86.Build.0 = Release|Any CPU
		{403FA81F-80E9-48F1-8306-98F4EFAB88BB}.Debug|Any CPU.ActiveCfg = Debug|Any CPU
		{403FA81F-80E9-48F1-8306-98F4EFAB88BB}.Debug|Any CPU.Build.0 = Debug|Any CPU
		{403FA81F-80E9-48F1-8306-98F4EFAB88BB}.Debug|x64.ActiveCfg = Debug|Any CPU
		{403FA81F-80E9-48F1-8306-98F4EFAB88BB}.Debug|x64.Build.0 = Debug|Any CPU
		{403FA81F-80E9-48F1-8306-98F4EFAB88BB}.Debug|x86.ActiveCfg = Debug|Any CPU
		{403FA81F-80E9-48F1-8306-98F4EFAB88BB}.Debug|x86.Build.0 = Debug|Any CPU
		{403FA81F-80E9-48F1-8306-98F4EFAB88BB}.Release|Any CPU.ActiveCfg = Release|Any CPU
		{403FA81F-80E9-48F1-8306-98F4EFAB88BB}.Release|Any CPU.Build.0 = Release|Any CPU
		{403FA81F-80E9-48F1-8306-98F4EFAB88BB}.Release|x64.ActiveCfg = Release|Any CPU
		{403FA81F-80E9-48F1-8306-98F4EFAB88BB}.Release|x64.Build.0 = Release|Any CPU
		{403FA81F-80E9-48F1-8306-98F4EFAB88BB}.Release|x86.ActiveCfg = Release|Any CPU
		{403FA81F-80E9-48F1-8306-98F4EFAB88BB}.Release|x86.Build.0 = Release|Any CPU
		{8C4FBD0B-FFE9-4AC3-A6EF-FD77CDDBA743}.Debug|Any CPU.ActiveCfg = Debug|Any CPU
		{8C4FBD0B-FFE9-4AC3-A6EF-FD77CDDBA743}.Debug|Any CPU.Build.0 = Debug|Any CPU
		{8C4FBD0B-FFE9-4AC3-A6EF-FD77CDDBA743}.Debug|x64.ActiveCfg = Debug|Any CPU
		{8C4FBD0B-FFE9-4AC3-A6EF-FD77CDDBA743}.Debug|x64.Build.0 = Debug|Any CPU
		{8C4FBD0B-FFE9-4AC3-A6EF-FD77CDDBA743}.Debug|x86.ActiveCfg = Debug|Any CPU
		{8C4FBD0B-FFE9-4AC3-A6EF-FD77CDDBA743}.Debug|x86.Build.0 = Debug|Any CPU
		{8C4FBD0B-FFE9-4AC3-A6EF-FD77CDDBA743}.Release|Any CPU.ActiveCfg = Release|Any CPU
		{8C4FBD0B-FFE9-4AC3-A6EF-FD77CDDBA743}.Release|Any CPU.Build.0 = Release|Any CPU
		{8C4FBD0B-FFE9-4AC3-A6EF-FD77CDDBA743}.Release|x64.ActiveCfg = Release|Any CPU
		{8C4FBD0B-FFE9-4AC3-A6EF-FD77CDDBA743}.Release|x64.Build.0 = Release|Any CPU
		{8C4FBD0B-FFE9-4AC3-A6EF-FD77CDDBA743}.Release|x86.ActiveCfg = Release|Any CPU
		{8C4FBD0B-FFE9-4AC3-A6EF-FD77CDDBA743}.Release|x86.Build.0 = Release|Any CPU
		{C3CE24BF-219F-45CF-9715-021FDD3BED21}.Debug|Any CPU.ActiveCfg = Debug|Any CPU
		{C3CE24BF-219F-45CF-9715-021FDD3BED21}.Debug|Any CPU.Build.0 = Debug|Any CPU
		{C3CE24BF-219F-45CF-9715-021FDD3BED21}.Debug|x64.ActiveCfg = Debug|Any CPU
		{C3CE24BF-219F-45CF-9715-021FDD3BED21}.Debug|x64.Build.0 = Debug|Any CPU
		{C3CE24BF-219F-45CF-9715-021FDD3BED21}.Debug|x86.ActiveCfg = Debug|Any CPU
		{C3CE24BF-219F-45CF-9715-021FDD3BED21}.Debug|x86.Build.0 = Debug|Any CPU
		{C3CE24BF-219F-45CF-9715-021FDD3BED21}.Release|Any CPU.ActiveCfg = Release|Any CPU
		{C3CE24BF-219F-45CF-9715-021FDD3BED21}.Release|Any CPU.Build.0 = Release|Any CPU
		{C3CE24BF-219F-45CF-9715-021FDD3BED21}.Release|x64.ActiveCfg = Release|Any CPU
		{C3CE24BF-219F-45CF-9715-021FDD3BED21}.Release|x64.Build.0 = Release|Any CPU
		{C3CE24BF-219F-45CF-9715-021FDD3BED21}.Release|x86.ActiveCfg = Release|Any CPU
		{C3CE24BF-219F-45CF-9715-021FDD3BED21}.Release|x86.Build.0 = Release|Any CPU
		{A19710D0-AC12-4162-B529-BE21A1180F4F}.Debug|Any CPU.ActiveCfg = Debug|Any CPU
		{A19710D0-AC12-4162-B529-BE21A1180F4F}.Debug|Any CPU.Build.0 = Debug|Any CPU
		{A19710D0-AC12-4162-B529-BE21A1180F4F}.Debug|x64.ActiveCfg = Debug|Any CPU
		{A19710D0-AC12-4162-B529-BE21A1180F4F}.Debug|x64.Build.0 = Debug|Any CPU
		{A19710D0-AC12-4162-B529-BE21A1180F4F}.Debug|x86.ActiveCfg = Debug|Any CPU
		{A19710D0-AC12-4162-B529-BE21A1180F4F}.Debug|x86.Build.0 = Debug|Any CPU
		{A19710D0-AC12-4162-B529-BE21A1180F4F}.Release|Any CPU.ActiveCfg = Release|Any CPU
		{A19710D0-AC12-4162-B529-BE21A1180F4F}.Release|Any CPU.Build.0 = Release|Any CPU
		{A19710D0-AC12-4162-B529-BE21A1180F4F}.Release|x64.ActiveCfg = Release|Any CPU
		{A19710D0-AC12-4162-B529-BE21A1180F4F}.Release|x64.Build.0 = Release|Any CPU
		{A19710D0-AC12-4162-B529-BE21A1180F4F}.Release|x86.ActiveCfg = Release|Any CPU
		{A19710D0-AC12-4162-B529-BE21A1180F4F}.Release|x86.Build.0 = Release|Any CPU
		{A159408A-0932-48B7-8773-E56EBA09BA67}.Debug|Any CPU.ActiveCfg = Debug|Any CPU
		{A159408A-0932-48B7-8773-E56EBA09BA67}.Debug|Any CPU.Build.0 = Debug|Any CPU
		{A159408A-0932-48B7-8773-E56EBA09BA67}.Debug|x64.ActiveCfg = Debug|Any CPU
		{A159408A-0932-48B7-8773-E56EBA09BA67}.Debug|x64.Build.0 = Debug|Any CPU
		{A159408A-0932-48B7-8773-E56EBA09BA67}.Debug|x86.ActiveCfg = Debug|Any CPU
		{A159408A-0932-48B7-8773-E56EBA09BA67}.Debug|x86.Build.0 = Debug|Any CPU
		{A159408A-0932-48B7-8773-E56EBA09BA67}.Release|Any CPU.ActiveCfg = Release|Any CPU
		{A159408A-0932-48B7-8773-E56EBA09BA67}.Release|Any CPU.Build.0 = Release|Any CPU
		{A159408A-0932-48B7-8773-E56EBA09BA67}.Release|x64.ActiveCfg = Release|Any CPU
		{A159408A-0932-48B7-8773-E56EBA09BA67}.Release|x64.Build.0 = Release|Any CPU
		{A159408A-0932-48B7-8773-E56EBA09BA67}.Release|x86.ActiveCfg = Release|Any CPU
		{A159408A-0932-48B7-8773-E56EBA09BA67}.Release|x86.Build.0 = Release|Any CPU
		{48C84E79-16DB-4B04-BF87-B7E5B33F2E99}.Debug|Any CPU.ActiveCfg = Debug|Any CPU
		{48C84E79-16DB-4B04-BF87-B7E5B33F2E99}.Debug|Any CPU.Build.0 = Debug|Any CPU
		{48C84E79-16DB-4B04-BF87-B7E5B33F2E99}.Debug|x64.ActiveCfg = Debug|Any CPU
		{48C84E79-16DB-4B04-BF87-B7E5B33F2E99}.Debug|x64.Build.0 = Debug|Any CPU
		{48C84E79-16DB-4B04-BF87-B7E5B33F2E99}.Debug|x86.ActiveCfg = Debug|Any CPU
		{48C84E79-16DB-4B04-BF87-B7E5B33F2E99}.Debug|x86.Build.0 = Debug|Any CPU
		{48C84E79-16DB-4B04-BF87-B7E5B33F2E99}.Release|Any CPU.ActiveCfg = Release|Any CPU
		{48C84E79-16DB-4B04-BF87-B7E5B33F2E99}.Release|Any CPU.Build.0 = Release|Any CPU
		{48C84E79-16DB-4B04-BF87-B7E5B33F2E99}.Release|x64.ActiveCfg = Release|Any CPU
		{48C84E79-16DB-4B04-BF87-B7E5B33F2E99}.Release|x64.Build.0 = Release|Any CPU
		{48C84E79-16DB-4B04-BF87-B7E5B33F2E99}.Release|x86.ActiveCfg = Release|Any CPU
		{48C84E79-16DB-4B04-BF87-B7E5B33F2E99}.Release|x86.Build.0 = Release|Any CPU
	EndGlobalSection
	GlobalSection(SolutionProperties) = preSolution
		HideSolutionNode = FALSE
	EndGlobalSection
	GlobalSection(ExtensibilityGlobals) = postSolution
		SolutionGuid = {63C779E9-C79E-467B-800D-4CE0E2E8F826}
	EndGlobalSection
EndGlobal
